
Microsoft Visual Studio Solution File, Format Version 12.00
# Visual Studio Version 16
VisualStudioVersion = 16.0.31702.278
MinimumVisualStudioVersion = 10.0.40219.1
Project("{FAE04EC0-301F-11D3-BF4B-00C04F79EFBC}") = "WebAppDbFirstCrud", "WebAppDbFirstCrud.csproj", "{29C0C627-F80E-416D-948B-0F891D1CF963}"
EndProject
Global
	GlobalSection(SolutionConfigurationPlatforms) = preSolution
		Debug|Any CPU = Debug|Any CPU
		Release|Any CPU = Release|Any CPU
	EndGlobalSection
	GlobalSection(ProjectConfigurationPlatforms) = postSolution
		{29C0C627-F80E-416D-948B-0F891D1CF963}.Debug|Any CPU.ActiveCfg = Debug|Any CPU
		{29C0C627-F80E-416D-948B-0F891D1CF963}.Debug|Any CPU.Build.0 = Debug|Any CPU
		{29C0C627-F80E-416D-948B-0F891D1CF963}.Release|Any CPU.ActiveCfg = Release|Any CPU
		{29C0C627-F80E-416D-948B-0F891D1CF963}.Release|Any CPU.Build.0 = Release|Any CPU
	EndGlobalSection
	GlobalSection(SolutionProperties) = preSolution
		HideSolutionNode = FALSE
	EndGlobalSection
	GlobalSection(ExtensibilityGlobals) = postSolution
		SolutionGuid = {5478F9A6-720E-4C6E-819F-6BE75E2D153E}
	EndGlobalSection
EndGlobal
